// !$*UTF8*$!
{
	archiveVersion = 1;
	classes = {
	};
	objectVersion = 50;
	objects = {

/* Begin PBXBuildFile section */
		FB2173012402C3F400605663 /* AppDelegate.m in Sources */ = {isa = PBXBuildFile; fileRef = FB2173002402C3F400605663 /* AppDelegate.m */; };
		FB21730B2402C3F500605663 /* Assets.xcassets in Resources */ = {isa = PBXBuildFile; fileRef = FB21730A2402C3F500605663 /* Assets.xcassets */; };
		FB21730E2402C3F500605663 /* LaunchScreen.storyboard in Resources */ = {isa = PBXBuildFile; fileRef = FB21730C2402C3F500605663 /* LaunchScreen.storyboard */; };
		FB2173112402C3F500605663 /* main.m in Sources */ = {isa = PBXBuildFile; fileRef = FB2173102402C3F500605663 /* main.m */; };
		FB2173192402C6FE00605663 /* EarthViewController.m in Sources */ = {isa = PBXBuildFile; fileRef = FB2173182402C6FE00605663 /* EarthViewController.m */; };
		FB21731B2402C82F00605663 /* Main.storyboard in Resources */ = {isa = PBXBuildFile; fileRef = FB21731A2402C82E00605663 /* Main.storyboard */; };
		FBF765F32409D7550083EA69 /* MapKit.framework in Frameworks */ = {isa = PBXBuildFile; fileRef = FBF765F22409D7550083EA69 /* MapKit.framework */; };
/* End PBXBuildFile section */

/* Begin PBXFileReference section */
		FB2172FC2402C3F400605663 /* mapping_engine.app */ = {isa = PBXFileReference; explicitFileType = wrapper.application; includeInIndex = 0; path = mapping_engine.app; sourceTree = BUILT_PRODUCTS_DIR; };
		FB2172FF2402C3F400605663 /* AppDelegate.h */ = {isa = PBXFileReference; lastKnownFileType = sourcecode.c.h; path = AppDelegate.h; sourceTree = "<group>"; };
		FB2173002402C3F400605663 /* AppDelegate.m */ = {isa = PBXFileReference; lastKnownFileType = sourcecode.c.objc; path = AppDelegate.m; sourceTree = "<group>"; };
		FB21730A2402C3F500605663 /* Assets.xcassets */ = {isa = PBXFileReference; lastKnownFileType = folder.assetcatalog; path = Assets.xcassets; sourceTree = "<group>"; };
		FB21730D2402C3F500605663 /* Base */ = {isa = PBXFileReference; lastKnownFileType = file.storyboard; name = Base; path = Base.lproj/LaunchScreen.storyboard; sourceTree = "<group>"; };
		FB21730F2402C3F500605663 /* Info.plist */ = {isa = PBXFileReference; lastKnownFileType = text.plist.xml; path = Info.plist; sourceTree = "<group>"; };
		FB2173102402C3F500605663 /* main.m */ = {isa = PBXFileReference; lastKnownFileType = sourcecode.c.objc; path = main.m; sourceTree = "<group>"; };
		FB2173172402C6FE00605663 /* EarthViewController.h */ = {isa = PBXFileReference; fileEncoding = 4; lastKnownFileType = sourcecode.c.h; path = EarthViewController.h; sourceTree = "<group>"; };
		FB2173182402C6FE00605663 /* EarthViewController.m */ = {isa = PBXFileReference; fileEncoding = 4; lastKnownFileType = sourcecode.c.objc; path = EarthViewController.m; sourceTree = "<group>"; };
		FB21731A2402C82E00605663 /* Main.storyboard */ = {isa = PBXFileReference; fileEncoding = 4; lastKnownFileType = file.storyboard; path = Main.storyboard; sourceTree = "<group>"; };
		FBF765F22409D7550083EA69 /* MapKit.framework */ = {isa = PBXFileReference; lastKnownFileType = wrapper.framework; name = MapKit.framework; path = System/Library/Frameworks/MapKit.framework; sourceTree = SDKROOT; };
/* End PBXFileReference section */

/* Begin PBXFrameworksBuildPhase section */
		FB2172F92402C3F400605663 /* Frameworks */ = {
			isa = PBXFrameworksBuildPhase;
			buildActionMask = 2147483647;
			files = (
				FBF765F32409D7550083EA69 /* MapKit.framework in Frameworks */,
			);
			runOnlyForDeploymentPostprocessing = 0;
		};
/* End PBXFrameworksBuildPhase section */

/* Begin PBXGroup section */
		FB2172F32402C3F400605663 = {
			isa = PBXGroup;
			children = (
				FB2172FE2402C3F400605663 /* mapping_engine */,
				FB2172FD2402C3F400605663 /* Products */,
				FBF765F12409D7550083EA69 /* Frameworks */,
			);
			sourceTree = "<group>";
		};
		FB2172FD2402C3F400605663 /* Products */ = {
			isa = PBXGroup;
			children = (
				FB2172FC2402C3F400605663 /* mapping_engine.app */,
			);
			name = Products;
			sourceTree = "<group>";
		};
		FB2172FE2402C3F400605663 /* mapping_engine */ = {
			isa = PBXGroup;
			children = (
				FB2173172402C6FE00605663 /* EarthViewController.h */,
				FB2173182402C6FE00605663 /* EarthViewController.m */,
				FB2172FF2402C3F400605663 /* AppDelegate.h */,
				FB2173002402C3F400605663 /* AppDelegate.m */,
				FB21730A2402C3F500605663 /* Assets.xcassets */,
				FB21731A2402C82E00605663 /* Main.storyboard */,
				FB21730C2402C3F500605663 /* LaunchScreen.storyboard */,
				FB21730F2402C3F500605663 /* Info.plist */,
				FB2173102402C3F500605663 /* main.m */,
			);
			path = mapping_engine;
			sourceTree = "<group>";
		};
		FBF765F12409D7550083EA69 /* Frameworks */ = {
			isa = PBXGroup;
			children = (
				FBF765F22409D7550083EA69 /* MapKit.framework */,
			);
			name = Frameworks;
			sourceTree = "<group>";
		};
/* End PBXGroup section */

/* Begin PBXNativeTarget section */
		FB2172FB2402C3F400605663 /* mapping_engine */ = {
			isa = PBXNativeTarget;
			buildConfigurationList = FB2173142402C3F500605663 /* Build configuration list for PBXNativeTarget "mapping_engine" */;
			buildPhases = (
				FB2172F82402C3F400605663 /* Sources */,
				FB2172F92402C3F400605663 /* Frameworks */,
				FB2172FA2402C3F400605663 /* Resources */,
			);
			buildRules = (
			);
			dependencies = (
			);
			name = mapping_engine;
			productName = mapping_engine;
			productReference = FB2172FC2402C3F400605663 /* mapping_engine.app */;
			productType = "com.apple.product-type.application";
		};
/* End PBXNativeTarget section */

/* Begin PBXProject section */
		FB2172F42402C3F400605663 /* Project object */ = {
			isa = PBXProject;
			attributes = {
				LastUpgradeCheck = 1130;
				ORGANIZATIONNAME = "Edward Simon";
				TargetAttributes = {
					FB2172FB2402C3F400605663 = {
						CreatedOnToolsVersion = 11.3.1;
					};
				};
			};
			buildConfigurationList = FB2172F72402C3F400605663 /* Build configuration list for PBXProject "mapping_engine" */;
			compatibilityVersion = "Xcode 9.3";
			developmentRegion = en;
			hasScannedForEncodings = 0;
			knownRegions = (
				en,
				Base,
			);
			mainGroup = FB2172F32402C3F400605663;
			productRefGroup = FB2172FD2402C3F400605663 /* Products */;
			projectDirPath = "";
			projectRoot = "";
			targets = (
				FB2172FB2402C3F400605663 /* mapping_engine */,
			);
		};
/* End PBXProject section */

/* Begin PBXResourcesBuildPhase section */
		FB2172FA2402C3F400605663 /* Resources */ = {
			isa = PBXResourcesBuildPhase;
			buildActionMask = 2147483647;
			files = (
				FB21731B2402C82F00605663 /* Main.storyboard in Resources */,
				FB21730E2402C3F500605663 /* LaunchScreen.storyboard in Resources */,
				FB21730B2402C3F500605663 /* Assets.xcassets in Resources */,
			);
			runOnlyForDeploymentPostprocessing = 0;
		};
/* End PBXResourcesBuildPhase section */

/* Begin PBXSourcesBuildPhase section */
		FB2172F82402C3F400605663 /* Sources */ = {
			isa = PBXSourcesBuildPhase;
			buildActionMask = 2147483647;
			files = (
				FB2173192402C6FE00605663 /* EarthViewController.m in Sources */,
				FB2173112402C3F500605663 /* main.m in Sources */,
				FB2173012402C3F400605663 /* AppDelegate.m in Sources */,
			);
			runOnlyForDeploymentPostprocessing = 0;
		};
/* End PBXSourcesBuildPhase section */

/* Begin PBXVariantGroup section */
		FB21730C2402C3F500605663 /* LaunchScreen.storyboard */ = {
			isa = PBXVariantGroup;
			children = (
				FB21730D2402C3F500605663 /* Base */,
			);
			name = LaunchScreen.storyboard;
			sourceTree = "<group>";
		};
/* End PBXVariantGroup section */

/* Begin XCBuildConfiguration section */
		FB2173122402C3F500605663 /* Debug */ = {
			isa = XCBuildConfiguration;
			buildSettings = {
				ALWAYS_SEARCH_USER_PATHS = NO;
				CLANG_ANALYZER_NONNULL = YES;
				CLANG_ANALYZER_NUMBER_OBJECT_CONVERSION = YES_AGGRESSIVE;
				CLANG_CXX_LANGUAGE_STANDARD = "gnu++14";
				CLANG_CXX_LIBRARY = "libc++";
				CLANG_ENABLE_MODULES = YES;
				CLANG_ENABLE_OBJC_ARC = YES;
				CLANG_ENABLE_OBJC_WEAK = YES;
				CLANG_WARN_BLOCK_CAPTURE_AUTORELEASING = YES;
				CLANG_WARN_BOOL_CONVERSION = YES;
				CLANG_WARN_COMMA = YES;
				CLANG_WARN_CONSTANT_CONVERSION = YES;
				CLANG_WARN_DEPRECATED_OBJC_IMPLEMENTATIONS = YES;
				CLANG_WARN_DIRECT_OBJC_ISA_USAGE = YES_ERROR;
				CLANG_WARN_DOCUMENTATION_COMMENTS = YES;
				CLANG_WARN_EMPTY_BODY = YES;
				CLANG_WARN_ENUM_CONVERSION = YES;
				CLANG_WARN_INFINITE_RECURSION = YES;
				CLANG_WARN_INT_CONVERSION = YES;
				CLANG_WARN_NON_LITERAL_NULL_CONVERSION = YES;
				CLANG_WARN_OBJC_IMPLICIT_RETAIN_SELF = YES;
				CLANG_WARN_OBJC_LITERAL_CONVERSION = YES;
				CLANG_WARN_OBJC_ROOT_CLASS = YES_ERROR;
				CLANG_WARN_RANGE_LOOP_ANALYSIS = YES;
				CLANG_WARN_STRICT_PROTOTYPES = YES;
				CLANG_WARN_SUSPICIOUS_MOVE = YES;
				CLANG_WARN_UNGUARDED_AVAILABILITY = YES_AGGRESSIVE;
				CLANG_WARN_UNREACHABLE_CODE = YES;
				CLANG_WARN__DUPLICATE_METHOD_MATCH = YES;
				COPY_PHASE_STRIP = NO;
				DEBUG_INFORMATION_FORMAT = dwarf;
				ENABLE_STRICT_OBJC_MSGSEND = YES;
				ENABLE_TESTABILITY = YES;
				GCC_C_LANGUAGE_STANDARD = gnu11;
				GCC_DYNAMIC_NO_PIC = NO;
				GCC_NO_COMMON_BLOCKS = YES;
				GCC_OPTIMIZATION_LEVEL = 0;
				GCC_PREPROCESSOR_DEFINITIONS = (
					"DEBUG=1",
					"$(inherited)",
				);
				GCC_WARN_64_TO_32_BIT_CONVERSION = YES;
				GCC_WARN_ABOUT_RETURN_TYPE = YES_ERROR;
				GCC_WARN_UNDECLARED_SELECTOR = YES;
				GCC_WARN_UNINITIALIZED_AUTOS = YES_AGGRESSIVE;
				GCC_WARN_UNUSED_FUNCTION = YES;
				GCC_WARN_UNUSED_VARIABLE = YES;
				IPHONEOS_DEPLOYMENT_TARGET = 13.2;
				MTL_ENABLE_DEBUG_INFO = INCLUDE_SOURCE;
				MTL_FAST_MATH = YES;
				ONLY_ACTIVE_ARCH = YES;
				SDKROOT = iphoneos;
			};
			name = Debug;
		};
		FB2173132402C3F500605663 /* Release */ = {
			isa = XCBuildConfiguration;
			buildSettings = {
				ALWAYS_SEARCH_USER_PATHS = NO;
				CLANG_ANALYZER_NONNULL = YES;
				CLANG_ANALYZER_NUMBER_OBJECT_CONVERSION = YES_AGGRESSIVE;
				CLANG_CXX_LANGUAGE_STANDARD = "gnu++14";
				CLANG_CXX_LIBRARY = "libc++";
				CLANG_ENABLE_MODULES = YES;
				CLANG_ENABLE_OBJC_ARC = YES;
				CLANG_ENABLE_OBJC_WEAK = YES;
				CLANG_WARN_BLOCK_CAPTURE_AUTORELEASING = YES;
				CLANG_WARN_BOOL_CONVERSION = YES;
				CLANG_WARN_COMMA = YES;
				CLANG_WARN_CONSTANT_CONVERSION = YES;
				CLANG_WARN_DEPRECATED_OBJC_IMPLEMENTATIONS = YES;
				CLANG_WARN_DIRECT_OBJC_ISA_USAGE = YES_ERROR;
				CLANG_WARN_DOCUMENTATION_COMMENTS = YES;
				CLANG_WARN_EMPTY_BODY = YES;
				CLANG_WARN_ENUM_CONVERSION = YES;
				CLANG_WARN_INFINITE_RECURSION = YES;
				CLANG_WARN_INT_CONVERSION = YES;
				CLANG_WARN_NON_LITERAL_NULL_CONVERSION = YES;
				CLANG_WARN_OBJC_IMPLICIT_RETAIN_SELF = YES;
				CLANG_WARN_OBJC_LITERAL_CONVERSION = YES;
				CLANG_WARN_OBJC_ROOT_CLASS = YES_ERROR;
				CLANG_WARN_RANGE_LOOP_ANALYSIS = YES;
				CLANG_WARN_STRICT_PROTOTYPES = YES;
				CLANG_WARN_SUSPICIOUS_MOVE = YES;
				CLANG_WARN_UNGUARDED_AVAILABILITY = YES_AGGRESSIVE;
				CLANG_WARN_UNREACHABLE_CODE = YES;
				CLANG_WARN__DUPLICATE_METHOD_MATCH = YES;
				COPY_PHASE_STRIP = NO;
				DEBUG_INFORMATION_FORMAT = "dwarf-with-dsym";
				ENABLE_NS_ASSERTIONS = NO;
				ENABLE_STRICT_OBJC_MSGSEND = YES;
				GCC_C_LANGUAGE_STANDARD = gnu11;
				GCC_NO_COMMON_BLOCKS = YES;
				GCC_WARN_64_TO_32_BIT_CONVERSION = YES;
				GCC_WARN_ABOUT_RETURN_TYPE = YES_ERROR;
				GCC_WARN_UNDECLARED_SELECTOR = YES;
				GCC_WARN_UNINITIALIZED_AUTOS = YES_AGGRESSIVE;
				GCC_WARN_UNUSED_FUNCTION = YES;
				GCC_WARN_UNUSED_VARIABLE = YES;
				IPHONEOS_DEPLOYMENT_TARGET = 13.2;
				MTL_ENABLE_DEBUG_INFO = NO;
				MTL_FAST_MATH = YES;
				SDKROOT = iphoneos;
				VALIDATE_PRODUCT = YES;
			};
			name = Release;
		};
		FB2173152402C3F500605663 /* Debug */ = {
			isa = XCBuildConfiguration;
			buildSettings = {
				ASSETCATALOG_COMPILER_APPICON_NAME = AppIcon;
				CODE_SIGN_STYLE = Automatic;
				DEVELOPMENT_TEAM = WA77A4U6Q9;
				INFOPLIST_FILE = mapping_engine/Info.plist;
				LD_RUNPATH_SEARCH_PATHS = (
					"$(inherited)",
					"@executable_path/Frameworks",
				);
				PRODUCT_BUNDLE_IDENTIFIER = "edward.mapping-engine";
				PRODUCT_NAME = "$(TARGET_NAME)";
				TARGETED_DEVICE_FAMILY = "1,2";
			};
			name = Debug;
		};
		FB2173162402C3F500605663 /* Release */ = {
			isa = XCBuildConfiguration;
			buildSettings = {
				ASSETCATALOG_COMPILER_APPICON_NAME = AppIcon;
				CODE_SIGN_STYLE = Automatic;
				DEVELOPMENT_TEAM = WA77A4U6Q9;
				INFOPLIST_FILE = mapping_engine/Info.plist;
				LD_RUNPATH_SEARCH_PATHS = (
					"$(inherited)",
					"@executable_path/Frameworks",
				);
				PRODUCT_BUNDLE_IDENTIFIER = "edward.mapping-engine";
				PRODUCT_NAME = "$(TARGET_NAME)";
				TARGETED_DEVICE_FAMILY = "1,2";
			};
			name = Release;
		};
/* End XCBuildConfiguration section */

/* Begin XCConfigurationList section */
		FB2172F72402C3F400605663 /* Build configuration list for PBXProject "mapping_engine" */ = {
			isa = XCConfigurationList;
			buildConfigurations = (
				FB2173122402C3F500605663 /* Debug */,
				FB2173132402C3F500605663 /* Release */,
			);
			defaultConfigurationIsVisible = 0;
			defaultConfigurationName = Release;
		};
		FB2173142402C3F500605663 /* Build configuration list for PBXNativeTarget "mapping_engine" */ = {
			isa = XCConfigurationList;
			buildConfigurations = (
				FB2173152402C3F500605663 /* Debug */,
				FB2173162402C3F500605663 /* Release */,
			);
			defaultConfigurationIsVisible = 0;
			defaultConfigurationName = Release;
		};
/* End XCConfigurationList section */
	};
	rootObject = FB2172F42402C3F400605663 /* Project object */;
}
